
Microsoft Visual Studio Solution File, Format Version 12.00
# Blend for Visual Studio Version 16
VisualStudioVersion = 16.0.30104.148
MinimumVisualStudioVersion = 10.0.40219.1
Project("{FAE04EC0-301F-11D3-BF4B-00C04F79EFBC}") = "POS_System", "POS_System\POS_System.csproj", "{5796F1F0-29F6-4351-81AF-4F1569FC2F1E}"
EndProject
Global
	GlobalSection(SolutionConfigurationPlatforms) = preSolution
		Debug|Any CPU = Debug|Any CPU
		Release|Any CPU = Release|Any CPU
	EndGlobalSection
	GlobalSection(ProjectConfigurationPlatforms) = postSolution
		{5796F1F0-29F6-4351-81AF-4F1569FC2F1E}.Debug|Any CPU.ActiveCfg = Debug|Any CPU
		{5796F1F0-29F6-4351-81AF-4F1569FC2F1E}.Debug|Any CPU.Build.0 = Debug|Any CPU
		{5796F1F0-29F6-4351-81AF-4F1569FC2F1E}.Release|Any CPU.ActiveCfg = Release|Any CPU
		{5796F1F0-29F6-4351-81AF-4F1569FC2F1E}.Release|Any CPU.Build.0 = Release|Any CPU
	EndGlobalSection
	GlobalSection(SolutionProperties) = preSolution
		HideSolutionNode = FALSE
	EndGlobalSection
	GlobalSection(ExtensibilityGlobals) = postSolution
		SolutionGuid = {4C3351BB-C5F2-4F9D-BC94-6FFF8C8F8E47}
	EndGlobalSection
EndGlobal
